
Microsoft Visual Studio Solution File, Format Version 12.00
# Visual Studio Version 17
VisualStudioVersion = 17.11.35219.272
MinimumVisualStudioVersion = 10.0.40219.1
Project("{FAE04EC0-301F-11D3-BF4B-00C04F79EFBC}") = "ConsoleApp1", "ConsoleApp1.csproj", "{5A50567A-3456-408A-BC06-6C42DBA30BDB}"
EndProject
Global
	GlobalSection(SolutionConfigurationPlatforms) = preSolution
		Debug|Any CPU = Debug|Any CPU
		Release|Any CPU = Release|Any CPU
	EndGlobalSection
	GlobalSection(ProjectConfigurationPlatforms) = postSolution
		{5A50567A-3456-408A-BC06-6C42DBA30BDB}.Debug|Any CPU.ActiveCfg = Debug|Any CPU
		{5A50567A-3456-408A-BC06-6C42DBA30BDB}.Debug|Any CPU.Build.0 = Debug|Any CPU
		{5A50567A-3456-408A-BC06-6C42DBA30BDB}.Release|Any CPU.ActiveCfg = Release|Any CPU
		{5A50567A-3456-408A-BC06-6C42DBA30BDB}.Release|Any CPU.Build.0 = Release|Any CPU
	EndGlobalSection
	GlobalSection(SolutionProperties) = preSolution
		HideSolutionNode = FALSE
	EndGlobalSection
	GlobalSection(ExtensibilityGlobals) = postSolution
		SolutionGuid = {49CB9F9B-5CE6-437A-9318-38886B0845F0}
	EndGlobalSection
EndGlobal
